
Microsoft Visual Studio Solution File, Format Version 12.00
# Visual Studio 15
VisualStudioVersion = 15.0.27703.2042
MinimumVisualStudioVersion = 10.0.40219.1
Project("{FAE04EC0-301F-11D3-BF4B-00C04F79EFBC}") = "TwilioApp", "TwilioApp\TwilioApp.csproj", "{E0FDAA00-BEC4-463F-B2C9-057D92767702}"
EndProject
Global
	GlobalSection(SolutionConfigurationPlatforms) = preSolution
		Debug|Any CPU = Debug|Any CPU
		Release|Any CPU = Release|Any CPU
	EndGlobalSection
	GlobalSection(ProjectConfigurationPlatforms) = postSolution
		{E0FDAA00-BEC4-463F-B2C9-057D92767702}.Debug|Any CPU.ActiveCfg = Debug|Any CPU
		{E0FDAA00-BEC4-463F-B2C9-057D92767702}.Debug|Any CPU.Build.0 = Debug|Any CPU
		{E0FDAA00-BEC4-463F-B2C9-057D92767702}.Release|Any CPU.ActiveCfg = Release|Any CPU
		{E0FDAA00-BEC4-463F-B2C9-057D92767702}.Release|Any CPU.Build.0 = Release|Any CPU
	EndGlobalSection
	GlobalSection(SolutionProperties) = preSolution
		HideSolutionNode = FALSE
	EndGlobalSection
	GlobalSection(ExtensibilityGlobals) = postSolution
		SolutionGuid = {5F263217-FAB3-47C4-A7D2-08570848974A}
	EndGlobalSection
EndGlobal
